
Microsoft Visual Studio Solution File, Format Version 12.00
# Visual Studio Version 17
VisualStudioVersion = 17.6.33723.286
MinimumVisualStudioVersion = 10.0.40219.1
Project("{FAE04EC0-301F-11D3-BF4B-00C04F79EFBC}") = "BlazorApp", "BlazorApp\BlazorApp.csproj", "{E11DCB2F-36D6-428B-88B2-04958EE13176}"
EndProject
Global
	GlobalSection(SolutionConfigurationPlatforms) = preSolution
		Debug|Any CPU = Debug|Any CPU
		Release|Any CPU = Release|Any CPU
	EndGlobalSection
	GlobalSection(ProjectConfigurationPlatforms) = postSolution
		{E11DCB2F-36D6-428B-88B2-04958EE13176}.Debug|Any CPU.ActiveCfg = Debug|Any CPU
		{E11DCB2F-36D6-428B-88B2-04958EE13176}.Debug|Any CPU.Build.0 = Debug|Any CPU
		{E11DCB2F-36D6-428B-88B2-04958EE13176}.Release|Any CPU.ActiveCfg = Release|Any CPU
		{E11DCB2F-36D6-428B-88B2-04958EE13176}.Release|Any CPU.Build.0 = Release|Any CPU
	EndGlobalSection
	GlobalSection(SolutionProperties) = preSolution
		HideSolutionNode = FALSE
	EndGlobalSection
	GlobalSection(ExtensibilityGlobals) = postSolution
		SolutionGuid = {600105C9-0C45-491C-87BE-331EA4064215}
	EndGlobalSection
EndGlobal
